# This file is automatically @generated by Cargo.
# It is not intended for manual editing.
version = 3

[[package]]
name = "yizhan-bootstrap"
version = "0.1.0"

[[package]]
name = "yizhan-bundle"
version = "0.1.0"

[[package]]
name = "yizhan-node"
version = "0.1.0"

[[package]]
name = "yizhan-plugin"
version = "0.1.0"

[[package]]
name = "yizhan-plugin-wechat"
version = "0.1.0"
